PODS:
  - Nimble (8.1.2)
  - QueueSafeValue (0.5)
  - Quick (3.0.0)
  - SwiftLint (0.40.2)

DEPENDENCIES:
  - Nimble (~> 8.1.2)
  - QueueSafeValue (from `../`)
  - Quick (~> 3.0.0)
  - SwiftLint

SPEC REPOS:
  trunk:
    - Nimble
    - Quick
    - SwiftLint

EXTERNAL SOURCES:
  QueueSafeValue:
    :path: "../"

SPEC CHECKSUMS:
  Nimble: 3864815b4703c7ebffba875973c70e854489fbae
  QueueSafeValue: 9671adf6bacfdad9a022a7d1a01ecdf785fd8e68
  Quick: 6d9559f40647bc4d510103842ef2fdd882d753e2
  SwiftLint: 1216c910d27c2633ade33b4f071bb6b930982e62

PODFILE CHECKSUM: 1d9b4d56465d0242ab95ad055a900ed75e7bf006

COCOAPODS: 1.9.3
