// !$*UTF8*$!
{
	archiveVersion = 1;
	classes = {
	};
	objectVersion = 46;
	objects = {

/* Begin PBXBuildFile section */
		0544995A4C4277CB6C2E557E /* Pods_QueueSafeValue_Example.framework in Frameworks */ = {isa = PBXBuildFile; fileRef = 0BB564221FFBBC4FB4B75C1C /* Pods_QueueSafeValue_Example.framework */; };
		607FACD61AFB9204008FA782 /* AppDelegate.swift in Sources */ = {isa = PBXBuildFile; fileRef = 607FACD51AFB9204008FA782 /* AppDelegate.swift */; };
		607FACD81AFB9204008FA782 /* ViewController.swift in Sources */ = {isa = PBXBuildFile; fileRef = 607FACD71AFB9204008FA782 /* ViewController.swift */; };
		607FACDB1AFB9204008FA782 /* Main.storyboard in Resources */ = {isa = PBXBuildFile; fileRef = 607FACD91AFB9204008FA782 /* Main.storyboard */; };
		607FACDD1AFB9204008FA782 /* Images.xcassets in Resources */ = {isa = PBXBuildFile; fileRef = 607FACDC1AFB9204008FA782 /* Images.xcassets */; };
		607FACE01AFB9204008FA782 /* LaunchScreen.xib in Resources */ = {isa = PBXBuildFile; fileRef = 607FACDE1AFB9204008FA782 /* LaunchScreen.xib */; };
		883AC02491EF659EEE772C2B /* Pods_QueueSafeValue_Tests.framework in Frameworks */ = {isa = PBXBuildFile; fileRef = 902AAF1CF7B013550256F17D /* Pods_QueueSafeValue_Tests.framework */; };
		B81AC8F524F53E1F00A5CCC3 /* LowPriorityAsyncedCommandsSpec.swift in Sources */ = {isa = PBXBuildFile; fileRef = B81AC8F424F53E1F00A5CCC3 /* LowPriorityAsyncedCommandsSpec.swift */; };
		B81AC8F724F5431700A5CCC3 /* SpecableActions.swift in Sources */ = {isa = PBXBuildFile; fileRef = B81AC8F624F5431700A5CCC3 /* SpecableActions.swift */; };
		B84CF4892514326A009C1DDB /* QueueSafeSyncedValueSpec.swift in Sources */ = {isa = PBXBuildFile; fileRef = B84CF4882514326A009C1DDB /* QueueSafeSyncedValueSpec.swift */; };
		B84E4A432502BCA0004BB2FC /* ReadMeExamples.swift in Sources */ = {isa = PBXBuildFile; fileRef = B84E4A422502BCA0004BB2FC /* ReadMeExamples.swift */; };
		B85C15A224FE764B00F68032 /* SpecableSyncedCommands.swift in Sources */ = {isa = PBXBuildFile; fileRef = B85C15A124FE764B00F68032 /* SpecableSyncedCommands.swift */; };
		B85C15A424FE789600F68032 /* SpecableAsyncedCommands.swift in Sources */ = {isa = PBXBuildFile; fileRef = B85C15A324FE789600F68032 /* SpecableAsyncedCommands.swift */; };
		B8AD7D3E2500680800505A5B /* PriorityQueueSpec.swift in Sources */ = {isa = PBXBuildFile; fileRef = B8AD7D3D2500680800505A5B /* PriorityQueueSpec.swift */; };
		B8CEC334251969DF00B904EA /* QueueSafeAsyncedValueSpec.swift in Sources */ = {isa = PBXBuildFile; fileRef = B8CEC333251969DF00B904EA /* QueueSafeAsyncedValueSpec.swift */; };
		D95E4B7224EB3DE6009BC031 /* SimpleClass.swift in Sources */ = {isa = PBXBuildFile; fileRef = D95E4B7024EB3DDC009BC031 /* SimpleClass.swift */; };
		D95E4B7924EB7D3E009BC031 /* CommandQueueSpec.swift in Sources */ = {isa = PBXBuildFile; fileRef = D95E4B7724EB7CCC009BC031 /* CommandQueueSpec.swift */; };
		D9C1FE8524D7B30200B78489 /* Queues.swift in Sources */ = {isa = PBXBuildFile; fileRef = D9C1FE8424D7B30200B78489 /* Queues.swift */; };
		D9CEFC0A24F083EA00C76B19 /* LowPrioritySyncedCommandsSpec.swift in Sources */ = {isa = PBXBuildFile; fileRef = D9CEFC0924F083EA00C76B19 /* LowPrioritySyncedCommandsSpec.swift */; };
/* End PBXBuildFile section */

/* Begin PBXContainerItemProxy section */
		607FACE61AFB9204008FA782 /* PBXContainerItemProxy */ = {
			isa = PBXContainerItemProxy;
			containerPortal = 607FACC81AFB9204008FA782 /* Project object */;
			proxyType = 1;
			remoteGlobalIDString = 607FACCF1AFB9204008FA782;
			remoteInfo = QueueSafeValue;
		};
/* End PBXContainerItemProxy section */

/* Begin PBXFileReference section */
		0BB564221FFBBC4FB4B75C1C /* Pods_QueueSafeValue_Example.framework */ = {isa = PBXFileReference; explicitFileType = wrapper.framework; includeInIndex = 0; path = Pods_QueueSafeValue_Example.framework; sourceTree = BUILT_PRODUCTS_DIR; };
		1ACA5E419968300F5175242B /* Pods-QueueSafeValue_Example.release.xcconfig */ = {isa = PBXFileReference; includeInIndex = 1; lastKnownFileType = text.xcconfig; name = "Pods-QueueSafeValue_Example.release.xcconfig"; path = "Target Support Files/Pods-QueueSafeValue_Example/Pods-QueueSafeValue_Example.release.xcconfig"; sourceTree = "<group>"; };
		2D9D5A7A932D05DED97C67C5 /* README.md */ = {isa = PBXFileReference; includeInIndex = 1; lastKnownFileType = net.daringfireball.markdown; name = README.md; path = ../README.md; sourceTree = "<group>"; };
		5E00FAF33FF90ADBD2C20CC9 /* Pods-QueueSafeValue_Tests.release.xcconfig */ = {isa = PBXFileReference; includeInIndex = 1; lastKnownFileType = text.xcconfig; name = "Pods-QueueSafeValue_Tests.release.xcconfig"; path = "Target Support Files/Pods-QueueSafeValue_Tests/Pods-QueueSafeValue_Tests.release.xcconfig"; sourceTree = "<group>"; };
		607FACD01AFB9204008FA782 /* QueueSafeValue_Example.app */ = {isa = PBXFileReference; explicitFileType = wrapper.application; includeInIndex = 0; path = QueueSafeValue_Example.app; sourceTree = BUILT_PRODUCTS_DIR; };
		607FACD41AFB9204008FA782 /* Info.plist */ = {isa = PBXFileReference; lastKnownFileType = text.plist.xml; path = Info.plist; sourceTree = "<group>"; };
		607FACD51AFB9204008FA782 /* AppDelegate.swift */ = {isa = PBXFileReference; lastKnownFileType = sourcecode.swift; path = AppDelegate.swift; sourceTree = "<group>"; };
		607FACD71AFB9204008FA782 /* ViewController.swift */ = {isa = PBXFileReference; lastKnownFileType = sourcecode.swift; path = ViewController.swift; sourceTree = "<group>"; };
		607FACDA1AFB9204008FA782 /* Base */ = {isa = PBXFileReference; lastKnownFileType = file.storyboard; name = Base; path = Base.lproj/Main.storyboard; sourceTree = "<group>"; };
		607FACDC1AFB9204008FA782 /* Images.xcassets */ = {isa = PBXFileReference; lastKnownFileType = folder.assetcatalog; path = Images.xcassets; sourceTree = "<group>"; };
		607FACDF1AFB9204008FA782 /* Base */ = {isa = PBXFileReference; lastKnownFileType = file.xib; name = Base; path = Base.lproj/LaunchScreen.xib; sourceTree = "<group>"; };
		607FACE51AFB9204008FA782 /* QueueSafeValue_Tests.xctest */ = {isa = PBXFileReference; explicitFileType = wrapper.cfbundle; includeInIndex = 0; path = QueueSafeValue_Tests.xctest; sourceTree = BUILT_PRODUCTS_DIR; };
		607FACEA1AFB9204008FA782 /* Info.plist */ = {isa = PBXFileReference; lastKnownFileType = text.plist.xml; path = Info.plist; sourceTree = "<group>"; };
		902AAF1CF7B013550256F17D /* Pods_QueueSafeValue_Tests.framework */ = {isa = PBXFileReference; explicitFileType = wrapper.framework; includeInIndex = 0; path = Pods_QueueSafeValue_Tests.framework; sourceTree = BUILT_PRODUCTS_DIR; };
		A08F1BB9A3BC9D3BE0856FF0 /* Pods-QueueSafeValue_Tests.debug.xcconfig */ = {isa = PBXFileReference; includeInIndex = 1; lastKnownFileType = text.xcconfig; name = "Pods-QueueSafeValue_Tests.debug.xcconfig"; path = "Target Support Files/Pods-QueueSafeValue_Tests/Pods-QueueSafeValue_Tests.debug.xcconfig"; sourceTree = "<group>"; };
		A9DE8AC7B55B14F9FDDF26BA /* QueueSafeValue.podspec */ = {isa = PBXFileReference; includeInIndex = 1; lastKnownFileType = text; name = QueueSafeValue.podspec; path = ../QueueSafeValue.podspec; sourceTree = "<group>"; xcLanguageSpecificationIdentifier = xcode.lang.ruby; };
		B81AC8F424F53E1F00A5CCC3 /* LowPriorityAsyncedCommandsSpec.swift */ = {isa = PBXFileReference; lastKnownFileType = sourcecode.swift; path = LowPriorityAsyncedCommandsSpec.swift; sourceTree = "<group>"; };
		B81AC8F624F5431700A5CCC3 /* SpecableActions.swift */ = {isa = PBXFileReference; lastKnownFileType = sourcecode.swift; path = SpecableActions.swift; sourceTree = "<group>"; };
		B84CF4882514326A009C1DDB /* QueueSafeSyncedValueSpec.swift */ = {isa = PBXFileReference; lastKnownFileType = sourcecode.swift; path = QueueSafeSyncedValueSpec.swift; sourceTree = "<group>"; };
		B84E4A422502BCA0004BB2FC /* ReadMeExamples.swift */ = {isa = PBXFileReference; lastKnownFileType = sourcecode.swift; path = ReadMeExamples.swift; sourceTree = "<group>"; };
		B85C15A124FE764B00F68032 /* SpecableSyncedCommands.swift */ = {isa = PBXFileReference; lastKnownFileType = sourcecode.swift; path = SpecableSyncedCommands.swift; sourceTree = "<group>"; };
		B85C15A324FE789600F68032 /* SpecableAsyncedCommands.swift */ = {isa = PBXFileReference; lastKnownFileType = sourcecode.swift; path = SpecableAsyncedCommands.swift; sourceTree = "<group>"; };
		B8AD7D3D2500680800505A5B /* PriorityQueueSpec.swift */ = {isa = PBXFileReference; lastKnownFileType = sourcecode.swift; path = PriorityQueueSpec.swift; sourceTree = "<group>"; };
		B8CEC333251969DF00B904EA /* QueueSafeAsyncedValueSpec.swift */ = {isa = PBXFileReference; lastKnownFileType = sourcecode.swift; path = QueueSafeAsyncedValueSpec.swift; sourceTree = "<group>"; };
		D95E4B7024EB3DDC009BC031 /* SimpleClass.swift */ = {isa = PBXFileReference; lastKnownFileType = sourcecode.swift; path = SimpleClass.swift; sourceTree = "<group>"; };
		D95E4B7724EB7CCC009BC031 /* CommandQueueSpec.swift */ = {isa = PBXFileReference; lastKnownFileType = sourcecode.swift; path = CommandQueueSpec.swift; sourceTree = "<group>"; };
		D9790B5D24AB851E00701A2B /* QueueSafeValue.framework */ = {isa = PBXFileReference; explicitFileType = wrapper.framework; path = QueueSafeValue.framework; sourceTree = BUILT_PRODUCTS_DIR; };
		D9C1FE8424D7B30200B78489 /* Queues.swift */ = {isa = PBXFileReference; lastKnownFileType = sourcecode.swift; path = Queues.swift; sourceTree = "<group>"; };
		D9CEFC0924F083EA00C76B19 /* LowPrioritySyncedCommandsSpec.swift */ = {isa = PBXFileReference; lastKnownFileType = sourcecode.swift; path = LowPrioritySyncedCommandsSpec.swift; sourceTree = "<group>"; };
		DA7406C9388422396093FD3F /* Pods-QueueSafeValue_Example.debug.xcconfig */ = {isa = PBXFileReference; includeInIndex = 1; lastKnownFileType = text.xcconfig; name = "Pods-QueueSafeValue_Example.debug.xcconfig"; path = "Target Support Files/Pods-QueueSafeValue_Example/Pods-QueueSafeValue_Example.debug.xcconfig"; sourceTree = "<group>"; };
		F15B106DF5F417738BC49742 /* LICENSE */ = {isa = PBXFileReference; includeInIndex = 1; lastKnownFileType = text; name = LICENSE; path = ../LICENSE; sourceTree = "<group>"; };
/* End PBXFileReference section */

/* Begin PBXFrameworksBuildPhase section */
		607FACCD1AFB9204008FA782 /* Frameworks */ = {
			isa = PBXFrameworksBuildPhase;
			buildActionMask = 2147483647;
			files = (
				0544995A4C4277CB6C2E557E /* Pods_QueueSafeValue_Example.framework in Frameworks */,
			);
			runOnlyForDeploymentPostprocessing = 0;
		};
		607FACE21AFB9204008FA782 /* Frameworks */ = {
			isa = PBXFrameworksBuildPhase;
			buildActionMask = 2147483647;
			files = (
				883AC02491EF659EEE772C2B /* Pods_QueueSafeValue_Tests.framework in Frameworks */,
			);
			runOnlyForDeploymentPostprocessing = 0;
		};
/* End PBXFrameworksBuildPhase section */

/* Begin PBXGroup section */
		607FACC71AFB9204008FA782 = {
			isa = PBXGroup;
			children = (
				607FACF51AFB993E008FA782 /* Podspec Metadata */,
				607FACD21AFB9204008FA782 /* Example for QueueSafeValue */,
				607FACE81AFB9204008FA782 /* Tests */,
				607FACD11AFB9204008FA782 /* Products */,
				C9985C94B5BFB80DB4A74022 /* Pods */,
				B610F9515E83AA45B1276F0F /* Frameworks */,
			);
			sourceTree = "<group>";
		};
		607FACD11AFB9204008FA782 /* Products */ = {
			isa = PBXGroup;
			children = (
				607FACD01AFB9204008FA782 /* QueueSafeValue_Example.app */,
				607FACE51AFB9204008FA782 /* QueueSafeValue_Tests.xctest */,
			);
			name = Products;
			sourceTree = "<group>";
		};
		607FACD21AFB9204008FA782 /* Example for QueueSafeValue */ = {
			isa = PBXGroup;
			children = (
				B84E4A412502BC82004BB2FC /* Examples */,
				607FACD51AFB9204008FA782 /* AppDelegate.swift */,
				607FACD71AFB9204008FA782 /* ViewController.swift */,
				607FACD91AFB9204008FA782 /* Main.storyboard */,
				607FACDC1AFB9204008FA782 /* Images.xcassets */,
				607FACDE1AFB9204008FA782 /* LaunchScreen.xib */,
				607FACD31AFB9204008FA782 /* Supporting Files */,
			);
			name = "Example for QueueSafeValue";
			path = QueueSafeValue;
			sourceTree = "<group>";
		};
		607FACD31AFB9204008FA782 /* Supporting Files */ = {
			isa = PBXGroup;
			children = (
				607FACD41AFB9204008FA782 /* Info.plist */,
			);
			name = "Supporting Files";
			sourceTree = "<group>";
		};
		607FACE81AFB9204008FA782 /* Tests */ = {
			isa = PBXGroup;
			children = (
				D95E4B6E24EB3AED009BC031 /* Tests */,
				D953038024F1B4B900FA6B99 /* Models */,
				D9C1FE8324D7B2E300B78489 /* Helpers */,
				607FACE91AFB9204008FA782 /* Supporting Files */,
			);
			path = Tests;
			sourceTree = "<group>";
		};
		607FACE91AFB9204008FA782 /* Supporting Files */ = {
			isa = PBXGroup;
			children = (
				607FACEA1AFB9204008FA782 /* Info.plist */,
			);
			name = "Supporting Files";
			sourceTree = "<group>";
		};
		607FACF51AFB993E008FA782 /* Podspec Metadata */ = {
			isa = PBXGroup;
			children = (
				A9DE8AC7B55B14F9FDDF26BA /* QueueSafeValue.podspec */,
				2D9D5A7A932D05DED97C67C5 /* README.md */,
				F15B106DF5F417738BC49742 /* LICENSE */,
			);
			name = "Podspec Metadata";
			sourceTree = "<group>";
		};
		B610F9515E83AA45B1276F0F /* Frameworks */ = {
			isa = PBXGroup;
			children = (
				D9790B5D24AB851E00701A2B /* QueueSafeValue.framework */,
				0BB564221FFBBC4FB4B75C1C /* Pods_QueueSafeValue_Example.framework */,
				902AAF1CF7B013550256F17D /* Pods_QueueSafeValue_Tests.framework */,
			);
			name = Frameworks;
			sourceTree = "<group>";
		};
		B84CF48725143254009C1DDB /* Main */ = {
			isa = PBXGroup;
			children = (
				B84CF4882514326A009C1DDB /* QueueSafeSyncedValueSpec.swift */,
				B8CEC333251969DF00B904EA /* QueueSafeAsyncedValueSpec.swift */,
			);
			path = Main;
			sourceTree = "<group>";
		};
		B84E4A412502BC82004BB2FC /* Examples */ = {
			isa = PBXGroup;
			children = (
				B84E4A422502BCA0004BB2FC /* ReadMeExamples.swift */,
			);
			name = Examples;
			sourceTree = "<group>";
		};
		B85C159F24FE763600F68032 /* SyncActions */ = {
			isa = PBXGroup;
			children = (
				B85C15A124FE764B00F68032 /* SpecableSyncedCommands.swift */,
				D9CEFC0924F083EA00C76B19 /* LowPrioritySyncedCommandsSpec.swift */,
			);
			path = SyncActions;
			sourceTree = "<group>";
		};
		B85C15A024FE763600F68032 /* AsyncActions */ = {
			isa = PBXGroup;
			children = (
				B85C15A324FE789600F68032 /* SpecableAsyncedCommands.swift */,
				B81AC8F424F53E1F00A5CCC3 /* LowPriorityAsyncedCommandsSpec.swift */,
			);
			path = AsyncActions;
			sourceTree = "<group>";
		};
		C9985C94B5BFB80DB4A74022 /* Pods */ = {
			isa = PBXGroup;
			children = (
				DA7406C9388422396093FD3F /* Pods-QueueSafeValue_Example.debug.xcconfig */,
				1ACA5E419968300F5175242B /* Pods-QueueSafeValue_Example.release.xcconfig */,
				A08F1BB9A3BC9D3BE0856FF0 /* Pods-QueueSafeValue_Tests.debug.xcconfig */,
				5E00FAF33FF90ADBD2C20CC9 /* Pods-QueueSafeValue_Tests.release.xcconfig */,
			);
			path = Pods;
			sourceTree = "<group>";
		};
		D953038024F1B4B900FA6B99 /* Models */ = {
			isa = PBXGroup;
			children = (
				D95E4B7024EB3DDC009BC031 /* SimpleClass.swift */,
			);
			path = Models;
			sourceTree = "<group>";
		};
		D95E4B6E24EB3AED009BC031 /* Tests */ = {
			isa = PBXGroup;
			children = (
				B84CF48725143254009C1DDB /* Main */,
				D9CEFC0824F083D800C76B19 /* Actions */,
				D95E4B7724EB7CCC009BC031 /* CommandQueueSpec.swift */,
				B8AD7D3D2500680800505A5B /* PriorityQueueSpec.swift */,
			);
			name = Tests;
			sourceTree = "<group>";
		};
		D9C1FE8324D7B2E300B78489 /* Helpers */ = {
			isa = PBXGroup;
			children = (
				D9C1FE8424D7B30200B78489 /* Queues.swift */,
			);
			name = Helpers;
			sourceTree = "<group>";
		};
		D9CEFC0824F083D800C76B19 /* Actions */ = {
			isa = PBXGroup;
			children = (
				B81AC8F624F5431700A5CCC3 /* SpecableActions.swift */,
				B85C15A024FE763600F68032 /* AsyncActions */,
				B85C159F24FE763600F68032 /* SyncActions */,
			);
			path = Actions;
			sourceTree = "<group>";
		};
/* End PBXGroup section */

/* Begin PBXNativeTarget section */
		607FACCF1AFB9204008FA782 /* QueueSafeValue_Example */ = {
			isa = PBXNativeTarget;
			buildConfigurationList = 607FACEF1AFB9204008FA782 /* Build configuration list for PBXNativeTarget "QueueSafeValue_Example" */;
			buildPhases = (
				D1C602A48C76B029D0F067DA /* [CP] Check Pods Manifest.lock */,
				607FACCC1AFB9204008FA782 /* Sources */,
				607FACCD1AFB9204008FA782 /* Frameworks */,
				607FACCE1AFB9204008FA782 /* Resources */,
				57F054684241A6425428CA3E /* [CP] Embed Pods Frameworks */,
			);
			buildRules = (
			);
			dependencies = (
			);
			name = QueueSafeValue_Example;
			productName = QueueSafeValue;
			productReference = 607FACD01AFB9204008FA782 /* QueueSafeValue_Example.app */;
			productType = "com.apple.product-type.application";
		};
		607FACE41AFB9204008FA782 /* QueueSafeValue_Tests */ = {
			isa = PBXNativeTarget;
			buildConfigurationList = 607FACF21AFB9204008FA782 /* Build configuration list for PBXNativeTarget "QueueSafeValue_Tests" */;
			buildPhases = (
				401452C698295895E5D8DC1B /* [CP] Check Pods Manifest.lock */,
				D95E4B8924EC859B009BC031 /* SwiftLint */,
				607FACE11AFB9204008FA782 /* Sources */,
				607FACE21AFB9204008FA782 /* Frameworks */,
				607FACE31AFB9204008FA782 /* Resources */,
				556E7FDC5536E67352535638 /* [CP] Embed Pods Frameworks */,
			);
			buildRules = (
			);
			dependencies = (
				607FACE71AFB9204008FA782 /* PBXTargetDependency */,
			);
			name = QueueSafeValue_Tests;
			productName = Tests;
			productReference = 607FACE51AFB9204008FA782 /* QueueSafeValue_Tests.xctest */;
			productType = "com.apple.product-type.bundle.unit-test";
		};
/* End PBXNativeTarget section */

/* Begin PBXProject section */
		607FACC81AFB9204008FA782 /* Project object */ = {
			isa = PBXProject;
			attributes = {
				LastSwiftUpdateCheck = 0830;
				LastUpgradeCheck = 1200;
				ORGANIZATIONNAME = CocoaPods;
				TargetAttributes = {
					607FACCF1AFB9204008FA782 = {
						CreatedOnToolsVersion = 6.3.1;
						DevelopmentTeam = 45N53X5K2E;
						LastSwiftMigration = 1170;
						ProvisioningStyle = Automatic;
					};
					607FACE41AFB9204008FA782 = {
						CreatedOnToolsVersion = 6.3.1;
						LastSwiftMigration = 1170;
						TestTargetID = 607FACCF1AFB9204008FA782;
					};
				};
			};
			buildConfigurationList = 607FACCB1AFB9204008FA782 /* Build configuration list for PBXProject "QueueSafeValue" */;
			compatibilityVersion = "Xcode 3.2";
			developmentRegion = en;
			hasScannedForEncodings = 0;
			knownRegions = (
				en,
				Base,
			);
			mainGroup = 607FACC71AFB9204008FA782;
			productRefGroup = 607FACD11AFB9204008FA782 /* Products */;
			projectDirPath = "";
			projectRoot = "";
			targets = (
				607FACCF1AFB9204008FA782 /* QueueSafeValue_Example */,
				607FACE41AFB9204008FA782 /* QueueSafeValue_Tests */,
			);
		};
/* End PBXProject section */

/* Begin PBXResourcesBuildPhase section */
		607FACCE1AFB9204008FA782 /* Resources */ = {
			isa = PBXResourcesBuildPhase;
			buildActionMask = 2147483647;
			files = (
				607FACDB1AFB9204008FA782 /* Main.storyboard in Resources */,
				607FACE01AFB9204008FA782 /* LaunchScreen.xib in Resources */,
				607FACDD1AFB9204008FA782 /* Images.xcassets in Resources */,
			);
			runOnlyForDeploymentPostprocessing = 0;
		};
		607FACE31AFB9204008FA782 /* Resources */ = {
			isa = PBXResourcesBuildPhase;
			buildActionMask = 2147483647;
			files = (
			);
			runOnlyForDeploymentPostprocessing = 0;
		};
/* End PBXResourcesBuildPhase section */

/* Begin PBXShellScriptBuildPhase section */
		401452C698295895E5D8DC1B /* [CP] Check Pods Manifest.lock */ = {
			isa = PBXShellScriptBuildPhase;
			buildActionMask = 2147483647;
			files = (
			);
			inputFileListPaths = (
			);
			inputPaths = (
				"${PODS_PODFILE_DIR_PATH}/Podfile.lock",
				"${PODS_ROOT}/Manifest.lock",
			);
			name = "[CP] Check Pods Manifest.lock";
			outputFileListPaths = (
			);
			outputPaths = (
				"$(DERIVED_FILE_DIR)/Pods-QueueSafeValue_Tests-checkManifestLockResult.txt",
			);
			runOnlyForDeploymentPostprocessing = 0;
			shellPath = /bin/sh;
			shellScript = "diff \"${PODS_PODFILE_DIR_PATH}/Podfile.lock\" \"${PODS_ROOT}/Manifest.lock\" > /dev/null\nif [ $? != 0 ] ; then\n    # print error to STDERR\n    echo \"error: The sandbox is not in sync with the Podfile.lock. Run 'pod install' or update your CocoaPods installation.\" >&2\n    exit 1\nfi\n# This output is used by Xcode 'outputs' to avoid re-running this script phase.\necho \"SUCCESS\" > \"${SCRIPT_OUTPUT_FILE_0}\"\n";
			showEnvVarsInLog = 0;
		};
		556E7FDC5536E67352535638 /* [CP] Embed Pods Frameworks */ = {
			isa = PBXShellScriptBuildPhase;
			buildActionMask = 2147483647;
			files = (
			);
			inputPaths = (
				"${PODS_ROOT}/Target Support Files/Pods-QueueSafeValue_Tests/Pods-QueueSafeValue_Tests-frameworks.sh",
				"${BUILT_PRODUCTS_DIR}/QueueSafeValue/QueueSafeValue.framework",
				"${BUILT_PRODUCTS_DIR}/Nimble/Nimble.framework",
				"${BUILT_PRODUCTS_DIR}/Quick/Quick.framework",
			);
			name = "[CP] Embed Pods Frameworks";
			outputPaths = (
				"${TARGET_BUILD_DIR}/${FRAMEWORKS_FOLDER_PATH}/QueueSafeValue.framework",
				"${TARGET_BUILD_DIR}/${FRAMEWORKS_FOLDER_PATH}/Nimble.framework",
				"${TARGET_BUILD_DIR}/${FRAMEWORKS_FOLDER_PATH}/Quick.framework",
			);
			runOnlyForDeploymentPostprocessing = 0;
			shellPath = /bin/sh;
			shellScript = "\"${PODS_ROOT}/Target Support Files/Pods-QueueSafeValue_Tests/Pods-QueueSafeValue_Tests-frameworks.sh\"\n";
			showEnvVarsInLog = 0;
		};
		57F054684241A6425428CA3E /* [CP] Embed Pods Frameworks */ = {
			isa = PBXShellScriptBuildPhase;
			buildActionMask = 2147483647;
			files = (
			);
			inputPaths = (
				"${PODS_ROOT}/Target Support Files/Pods-QueueSafeValue_Example/Pods-QueueSafeValue_Example-frameworks.sh",
				"${BUILT_PRODUCTS_DIR}/QueueSafeValue/QueueSafeValue.framework",
			);
			name = "[CP] Embed Pods Frameworks";
			outputPaths = (
				"${TARGET_BUILD_DIR}/${FRAMEWORKS_FOLDER_PATH}/QueueSafeValue.framework",
			);
			runOnlyForDeploymentPostprocessing = 0;
			shellPath = /bin/sh;
			shellScript = "\"${PODS_ROOT}/Target Support Files/Pods-QueueSafeValue_Example/Pods-QueueSafeValue_Example-frameworks.sh\"\n";
			showEnvVarsInLog = 0;
		};
		D1C602A48C76B029D0F067DA /* [CP] Check Pods Manifest.lock */ = {
			isa = PBXShellScriptBuildPhase;
			buildActionMask = 2147483647;
			files = (
			);
			inputFileListPaths = (
			);
			inputPaths = (
				"${PODS_PODFILE_DIR_PATH}/Podfile.lock",
				"${PODS_ROOT}/Manifest.lock",
			);
			name = "[CP] Check Pods Manifest.lock";
			outputFileListPaths = (
			);
			outputPaths = (
				"$(DERIVED_FILE_DIR)/Pods-QueueSafeValue_Example-checkManifestLockResult.txt",
			);
			runOnlyForDeploymentPostprocessing = 0;
			shellPath = /bin/sh;
			shellScript = "diff \"${PODS_PODFILE_DIR_PATH}/Podfile.lock\" \"${PODS_ROOT}/Manifest.lock\" > /dev/null\nif [ $? != 0 ] ; then\n    # print error to STDERR\n    echo \"error: The sandbox is not in sync with the Podfile.lock. Run 'pod install' or update your CocoaPods installation.\" >&2\n    exit 1\nfi\n# This output is used by Xcode 'outputs' to avoid re-running this script phase.\necho \"SUCCESS\" > \"${SCRIPT_OUTPUT_FILE_0}\"\n";
			showEnvVarsInLog = 0;
		};
		D95E4B8924EC859B009BC031 /* SwiftLint */ = {
			isa = PBXShellScriptBuildPhase;
			buildActionMask = 2147483647;
			files = (
			);
			inputFileListPaths = (
			);
			inputPaths = (
			);
			name = SwiftLint;
			outputFileListPaths = (
			);
			outputPaths = (
			);
			runOnlyForDeploymentPostprocessing = 0;
			shellPath = /bin/sh;
			shellScript = "\"${PODS_ROOT}/SwiftLint/swiftlint\"\n";
		};
/* End PBXShellScriptBuildPhase section */

/* Begin PBXSourcesBuildPhase section */
		607FACCC1AFB9204008FA782 /* Sources */ = {
			isa = PBXSourcesBuildPhase;
			buildActionMask = 2147483647;
			files = (
				607FACD81AFB9204008FA782 /* ViewController.swift in Sources */,
				B84E4A432502BCA0004BB2FC /* ReadMeExamples.swift in Sources */,
				607FACD61AFB9204008FA782 /* AppDelegate.swift in Sources */,
			);
			runOnlyForDeploymentPostprocessing = 0;
		};
		607FACE11AFB9204008FA782 /* Sources */ = {
			isa = PBXSourcesBuildPhase;
			buildActionMask = 2147483647;
			files = (
				B81AC8F524F53E1F00A5CCC3 /* LowPriorityAsyncedCommandsSpec.swift in Sources */,
				B85C15A224FE764B00F68032 /* SpecableSyncedCommands.swift in Sources */,
				B8AD7D3E2500680800505A5B /* PriorityQueueSpec.swift in Sources */,
				D9C1FE8524D7B30200B78489 /* Queues.swift in Sources */,
				B84CF4892514326A009C1DDB /* QueueSafeSyncedValueSpec.swift in Sources */,
				B8CEC334251969DF00B904EA /* QueueSafeAsyncedValueSpec.swift in Sources */,
				B85C15A424FE789600F68032 /* SpecableAsyncedCommands.swift in Sources */,
				D95E4B7224EB3DE6009BC031 /* SimpleClass.swift in Sources */,
				D9CEFC0A24F083EA00C76B19 /* LowPrioritySyncedCommandsSpec.swift in Sources */,
				B81AC8F724F5431700A5CCC3 /* SpecableActions.swift in Sources */,
				D95E4B7924EB7D3E009BC031 /* CommandQueueSpec.swift in Sources */,
			);
			runOnlyForDeploymentPostprocessing = 0;
		};
/* End PBXSourcesBuildPhase section */

/* Begin PBXTargetDependency section */
		607FACE71AFB9204008FA782 /* PBXTargetDependency */ = {
			isa = PBXTargetDependency;
			target = 607FACCF1AFB9204008FA782 /* QueueSafeValue_Example */;
			targetProxy = 607FACE61AFB9204008FA782 /* PBXContainerItemProxy */;
		};
/* End PBXTargetDependency section */

/* Begin PBXVariantGroup section */
		607FACD91AFB9204008FA782 /* Main.storyboard */ = {
			isa = PBXVariantGroup;
			children = (
				607FACDA1AFB9204008FA782 /* Base */,
			);
			name = Main.storyboard;
			sourceTree = "<group>";
		};
		607FACDE1AFB9204008FA782 /* LaunchScreen.xib */ = {
			isa = PBXVariantGroup;
			children = (
				607FACDF1AFB9204008FA782 /* Base */,
			);
			name = LaunchScreen.xib;
			sourceTree = "<group>";
		};
/* End PBXVariantGroup section */

/* Begin XCBuildConfiguration section */
		607FACED1AFB9204008FA782 /* Debug */ = {
			isa = XCBuildConfiguration;
			buildSettings = {
				ALWAYS_SEARCH_USER_PATHS = NO;
				CLANG_ANALYZER_LOCALIZABILITY_NONLOCALIZED = YES;
				CLANG_CXX_LANGUAGE_STANDARD = "gnu++0x";
				CLANG_CXX_LIBRARY = "libc++";
				CLANG_ENABLE_MODULES = YES;
				CLANG_ENABLE_OBJC_ARC = YES;
				CLANG_WARN_BLOCK_CAPTURE_AUTORELEASING = YES;
				CLANG_WARN_BOOL_CONVERSION = YES;
				CLANG_WARN_COMMA = YES;
				CLANG_WARN_CONSTANT_CONVERSION = YES;
				CLANG_WARN_DEPRECATED_OBJC_IMPLEMENTATIONS = YES;
				CLANG_WARN_DIRECT_OBJC_ISA_USAGE = YES_ERROR;
				CLANG_WARN_EMPTY_BODY = YES;
				CLANG_WARN_ENUM_CONVERSION = YES;
				CLANG_WARN_INFINITE_RECURSION = YES;
				CLANG_WARN_INT_CONVERSION = YES;
				CLANG_WARN_NON_LITERAL_NULL_CONVERSION = YES;
				CLANG_WARN_OBJC_IMPLICIT_RETAIN_SELF = YES;
				CLANG_WARN_OBJC_LITERAL_CONVERSION = YES;
				CLANG_WARN_OBJC_ROOT_CLASS = YES_ERROR;
				CLANG_WARN_QUOTED_INCLUDE_IN_FRAMEWORK_HEADER = YES;
				CLANG_WARN_RANGE_LOOP_ANALYSIS = YES;
				CLANG_WARN_STRICT_PROTOTYPES = YES;
				CLANG_WARN_SUSPICIOUS_MOVE = YES;
				CLANG_WARN_UNREACHABLE_CODE = YES;
				CLANG_WARN__DUPLICATE_METHOD_MATCH = YES;
				"CODE_SIGN_IDENTITY[sdk=iphoneos*]" = "iPhone Developer";
				COPY_PHASE_STRIP = NO;
				DEBUG_INFORMATION_FORMAT = "dwarf-with-dsym";
				ENABLE_STRICT_OBJC_MSGSEND = YES;
				ENABLE_TESTABILITY = YES;
				GCC_C_LANGUAGE_STANDARD = gnu99;
				GCC_DYNAMIC_NO_PIC = NO;
				GCC_NO_COMMON_BLOCKS = YES;
				GCC_OPTIMIZATION_LEVEL = 0;
				GCC_PREPROCESSOR_DEFINITIONS = (
					"DEBUG=1",
					"$(inherited)",
				);
				GCC_SYMBOLS_PRIVATE_EXTERN = NO;
				GCC_WARN_64_TO_32_BIT_CONVERSION = YES;
				GCC_WARN_ABOUT_RETURN_TYPE = YES_ERROR;
				GCC_WARN_UNDECLARED_SELECTOR = YES;
				GCC_WARN_UNINITIALIZED_AUTOS = YES_AGGRESSIVE;
				GCC_WARN_UNUSED_FUNCTION = YES;
				GCC_WARN_UNUSED_VARIABLE = YES;
				IPHONEOS_DEPLOYMENT_TARGET = 9.0;
				MTL_ENABLE_DEBUG_INFO = YES;
				ONLY_ACTIVE_ARCH = YES;
				SDKROOT = iphoneos;
				SWIFT_OPTIMIZATION_LEVEL = "-Onone";
			};
			name = Debug;
		};
		607FACEE1AFB9204008FA782 /* Release */ = {
			isa = XCBuildConfiguration;
			buildSettings = {
				ALWAYS_SEARCH_USER_PATHS = NO;
				CLANG_ANALYZER_LOCALIZABILITY_NONLOCALIZED = YES;
				CLANG_CXX_LANGUAGE_STANDARD = "gnu++0x";
				CLANG_CXX_LIBRARY = "libc++";
				CLANG_ENABLE_MODULES = YES;
				CLANG_ENABLE_OBJC_ARC = YES;
				CLANG_WARN_BLOCK_CAPTURE_AUTORELEASING = YES;
				CLANG_WARN_BOOL_CONVERSION = YES;
				CLANG_WARN_COMMA = YES;
				CLANG_WARN_CONSTANT_CONVERSION = YES;
				CLANG_WARN_DEPRECATED_OBJC_IMPLEMENTATIONS = YES;
				CLANG_WARN_DIRECT_OBJC_ISA_USAGE = YES_ERROR;
				CLANG_WARN_EMPTY_BODY = YES;
				CLANG_WARN_ENUM_CONVERSION = YES;
				CLANG_WARN_INFINITE_RECURSION = YES;
				CLANG_WARN_INT_CONVERSION = YES;
				CLANG_WARN_NON_LITERAL_NULL_CONVERSION = YES;
				CLANG_WARN_OBJC_IMPLICIT_RETAIN_SELF = YES;
				CLANG_WARN_OBJC_LITERAL_CONVERSION = YES;
				CLANG_WARN_OBJC_ROOT_CLASS = YES_ERROR;
				CLANG_WARN_QUOTED_INCLUDE_IN_FRAMEWORK_HEADER = YES;
				CLANG_WARN_RANGE_LOOP_ANALYSIS = YES;
				CLANG_WARN_STRICT_PROTOTYPES = YES;
				CLANG_WARN_SUSPICIOUS_MOVE = YES;
				CLANG_WARN_UNREACHABLE_CODE = YES;
				CLANG_WARN__DUPLICATE_METHOD_MATCH = YES;
				"CODE_SIGN_IDENTITY[sdk=iphoneos*]" = "iPhone Developer";
				COPY_PHASE_STRIP = NO;
				DEBUG_INFORMATION_FORMAT = "dwarf-with-dsym";
				ENABLE_NS_ASSERTIONS = NO;
				ENABLE_STRICT_OBJC_MSGSEND = YES;
				GCC_C_LANGUAGE_STANDARD = gnu99;
				GCC_NO_COMMON_BLOCKS = YES;
				GCC_WARN_64_TO_32_BIT_CONVERSION = YES;
				GCC_WARN_ABOUT_RETURN_TYPE = YES_ERROR;
				GCC_WARN_UNDECLARED_SELECTOR = YES;
				GCC_WARN_UNINITIALIZED_AUTOS = YES_AGGRESSIVE;
				GCC_WARN_UNUSED_FUNCTION = YES;
				GCC_WARN_UNUSED_VARIABLE = YES;
				IPHONEOS_DEPLOYMENT_TARGET = 9.0;
				MTL_ENABLE_DEBUG_INFO = NO;
				SDKROOT = iphoneos;
				SWIFT_OPTIMIZATION_LEVEL = "-Owholemodule";
				VALIDATE_PRODUCT = YES;
			};
			name = Release;
		};
		607FACF01AFB9204008FA782 /* Debug */ = {
			isa = XCBuildConfiguration;
			baseConfigurationReference = DA7406C9388422396093FD3F /* Pods-QueueSafeValue_Example.debug.xcconfig */;
			buildSettings = {
				ASSETCATALOG_COMPILER_APPICON_NAME = AppIcon;
				CODE_SIGN_IDENTITY = "Apple Development";
				CODE_SIGN_STYLE = Automatic;
				DEVELOPMENT_TEAM = 45N53X5K2E;
				INFOPLIST_FILE = QueueSafeValue/Info.plist;
				LD_RUNPATH_SEARCH_PATHS = "$(inherited) @executable_path/Frameworks";
				MODULE_NAME = ExampleApp;
				PRODUCT_BUNDLE_IDENTIFIER = "com.vasilybodnarchuk.QueueSafeValue-Example";
				PRODUCT_NAME = "$(TARGET_NAME)";
				PROVISIONING_PROFILE_SPECIFIER = "";
				SWIFT_SWIFT3_OBJC_INFERENCE = Default;
				SWIFT_VERSION = 5.0;
			};
			name = Debug;
		};
		607FACF11AFB9204008FA782 /* Release */ = {
			isa = XCBuildConfiguration;
			baseConfigurationReference = 1ACA5E419968300F5175242B /* Pods-QueueSafeValue_Example.release.xcconfig */;
			buildSettings = {
				ASSETCATALOG_COMPILER_APPICON_NAME = AppIcon;
				CODE_SIGN_IDENTITY = "Apple Development";
				CODE_SIGN_STYLE = Automatic;
				DEVELOPMENT_TEAM = 45N53X5K2E;
				INFOPLIST_FILE = QueueSafeValue/Info.plist;
				LD_RUNPATH_SEARCH_PATHS = "$(inherited) @executable_path/Frameworks";
				MODULE_NAME = ExampleApp;
				PRODUCT_BUNDLE_IDENTIFIER = "com.vasilybodnarchuk.QueueSafeValue-Example";
				PRODUCT_NAME = "$(TARGET_NAME)";
				PROVISIONING_PROFILE_SPECIFIER = "";
				SWIFT_SWIFT3_OBJC_INFERENCE = Default;
				SWIFT_VERSION = 5.0;
			};
			name = Release;
		};
		607FACF31AFB9204008FA782 /* Debug */ = {
			isa = XCBuildConfiguration;
			baseConfigurationReference = A08F1BB9A3BC9D3BE0856FF0 /* Pods-QueueSafeValue_Tests.debug.xcconfig */;
			buildSettings = {
				FRAMEWORK_SEARCH_PATHS = (
					"$(PLATFORM_DIR)/Developer/Library/Frameworks",
					"$(inherited)",
				);
				GCC_PREPROCESSOR_DEFINITIONS = (
					"DEBUG=1",
					"$(inherited)",
				);
				INFOPLIST_FILE = Tests/Info.plist;
				LD_RUNPATH_SEARCH_PATHS = "$(inherited) @executable_path/Frameworks @loader_path/Frameworks";
				PRODUCT_BUNDLE_IDENTIFIER = "org.cocoapods.$(PRODUCT_NAME:rfc1034identifier)";
				PRODUCT_NAME = "$(TARGET_NAME)";
				SWIFT_SWIFT3_OBJC_INFERENCE = Default;
				SWIFT_VERSION = 5.0;
				TEST_HOST = "$(BUILT_PRODUCTS_DIR)/QueueSafeValue_Example.app/QueueSafeValue_Example";
			};
			name = Debug;
		};
		607FACF41AFB9204008FA782 /* Release */ = {
			isa = XCBuildConfiguration;
			baseConfigurationReference = 5E00FAF33FF90ADBD2C20CC9 /* Pods-QueueSafeValue_Tests.release.xcconfig */;
			buildSettings = {
				FRAMEWORK_SEARCH_PATHS = (
					"$(PLATFORM_DIR)/Developer/Library/Frameworks",
					"$(inherited)",
				);
				INFOPLIST_FILE = Tests/Info.plist;
				LD_RUNPATH_SEARCH_PATHS = "$(inherited) @executable_path/Frameworks @loader_path/Frameworks";
				PRODUCT_BUNDLE_IDENTIFIER = "org.cocoapods.$(PRODUCT_NAME:rfc1034identifier)";
				PRODUCT_NAME = "$(TARGET_NAME)";
				SWIFT_SWIFT3_OBJC_INFERENCE = Default;
				SWIFT_VERSION = 5.0;
				TEST_HOST = "$(BUILT_PRODUCTS_DIR)/QueueSafeValue_Example.app/QueueSafeValue_Example";
			};
			name = Release;
		};
/* End XCBuildConfiguration section */

/* Begin XCConfigurationList section */
		607FACCB1AFB9204008FA782 /* Build configuration list for PBXProject "QueueSafeValue" */ = {
			isa = XCConfigurationList;
			buildConfigurations = (
				607FACED1AFB9204008FA782 /* Debug */,
				607FACEE1AFB9204008FA782 /* Release */,
			);
			defaultConfigurationIsVisible = 0;
			defaultConfigurationName = Release;
		};
		607FACEF1AFB9204008FA782 /* Build configuration list for PBXNativeTarget "QueueSafeValue_Example" */ = {
			isa = XCConfigurationList;
			buildConfigurations = (
				607FACF01AFB9204008FA782 /* Debug */,
				607FACF11AFB9204008FA782 /* Release */,
			);
			defaultConfigurationIsVisible = 0;
			defaultConfigurationName = Release;
		};
		607FACF21AFB9204008FA782 /* Build configuration list for PBXNativeTarget "QueueSafeValue_Tests" */ = {
			isa = XCConfigurationList;
			buildConfigurations = (
				607FACF31AFB9204008FA782 /* Debug */,
				607FACF41AFB9204008FA782 /* Release */,
			);
			defaultConfigurationIsVisible = 0;
			defaultConfigurationName = Release;
		};
/* End XCConfigurationList section */
	};
	rootObject = 607FACC81AFB9204008FA782 /* Project object */;
}
